PODS:
  - IQKeyboardManagerSwift (6.5.10)
  - RxCocoa (6.5.0):
    - RxRelay (= 6.5.0)
    - RxSwift (= 6.5.0)
  - RxRelay (6.5.0):
    - RxSwift (= 6.5.0)
  - RxSwift (6.5.0)
  - SDWebImage (5.14.1):
    - SDWebImage/Core (= 5.14.1)
  - SDWebImage/Core (5.14.1)
  - SkeletonView (1.30.4)

DEPENDENCIES:
  - IQKeyboardManagerSwift
  - RxCocoa
  - RxSwift
  - SDWebImage
  - SkeletonView

SPEC REPOS:
  trunk:
    - IQKeyboardManagerSwift
    - RxCocoa
    - RxRelay
    - RxSwift
    - SDWebImage
    - SkeletonView

SPEC CHECKSUMS:
  IQKeyboardManagerSwift: 52962c76ab33532f15ad9f3ff4e5715eda5335bb
  RxCocoa: 94f817b71c07517321eb4f9ad299112ca8af743b
  RxRelay: 1de1523e604c72b6c68feadedd1af3b1b4d0ecbd
  RxSwift: 5710a9e6b17f3c3d6e40d6e559b9fa1e813b2ef8
  SDWebImage: e1b3c38f170c6100130fce6856e423ed9e5f4fce
  SkeletonView: 5a050f6411e697abd4cda0a8d767013399dccd69

PODFILE CHECKSUM: 75011a6edeae7b3c5ab3d4acbc61c769968d7305

COCOAPODS: 1.11.3
