// !$*UTF8*$!
{
	archiveVersion = 1;
	classes = {
	};
	objectVersion = 55;
	objects = {

/* Begin PBXBuildFile section */
		1D8576FE28EBFF9C00CF2D5E /* Inter-VariableFont_slnt,wght.ttf in Resources */ = {isa = PBXBuildFile; fileRef = 1D8576DD28EBFF9B00CF2D5E /* Inter-VariableFont_slnt,wght.ttf */; };
		1D8576FF28EBFF9C00CF2D5E /* Inter-Medium.ttf in Resources */ = {isa = PBXBuildFile; fileRef = 1D8576DF28EBFF9B00CF2D5E /* Inter-Medium.ttf */; };
		1D85770028EBFF9C00CF2D5E /* Inter-Light.ttf in Resources */ = {isa = PBXBuildFile; fileRef = 1D8576E028EBFF9B00CF2D5E /* Inter-Light.ttf */; };
		1D85770128EBFF9C00CF2D5E /* Inter-Thin.ttf in Resources */ = {isa = PBXBuildFile; fileRef = 1D8576E128EBFF9B00CF2D5E /* Inter-Thin.ttf */; };
		1D85770228EBFF9C00CF2D5E /* Inter-Bold.ttf in Resources */ = {isa = PBXBuildFile; fileRef = 1D8576E228EBFF9B00CF2D5E /* Inter-Bold.ttf */; };
		1D85770328EBFF9C00CF2D5E /* Inter-Regular.ttf in Resources */ = {isa = PBXBuildFile; fileRef = 1D8576E328EBFF9B00CF2D5E /* Inter-Regular.ttf */; };
		1D85770428EBFF9C00CF2D5E /* Inter-ExtraBold.ttf in Resources */ = {isa = PBXBuildFile; fileRef = 1D8576E428EBFF9B00CF2D5E /* Inter-ExtraBold.ttf */; };
		1D85770528EBFF9C00CF2D5E /* Inter-ExtraLight.ttf in Resources */ = {isa = PBXBuildFile; fileRef = 1D8576E528EBFF9B00CF2D5E /* Inter-ExtraLight.ttf */; };
		1D85770628EBFF9C00CF2D5E /* Inter-Black.ttf in Resources */ = {isa = PBXBuildFile; fileRef = 1D8576E628EBFF9B00CF2D5E /* Inter-Black.ttf */; };
		1D85770728EBFF9C00CF2D5E /* Inter-SemiBold.ttf in Resources */ = {isa = PBXBuildFile; fileRef = 1D8576E728EBFF9B00CF2D5E /* Inter-SemiBold.ttf */; };
		1D85770928EBFF9C00CF2D5E /* README.txt in Resources */ = {isa = PBXBuildFile; fileRef = 1D8576E928EBFF9B00CF2D5E /* README.txt */; };
		1D85770A28EBFF9C00CF2D5E /* Poppins-ExtraLight.ttf in Resources */ = {isa = PBXBuildFile; fileRef = 1D8576EB28EBFF9B00CF2D5E /* Poppins-ExtraLight.ttf */; };
		1D85770B28EBFF9C00CF2D5E /* Poppins-ThinItalic.ttf in Resources */ = {isa = PBXBuildFile; fileRef = 1D8576EC28EBFF9B00CF2D5E /* Poppins-ThinItalic.ttf */; };
		1D85770C28EBFF9C00CF2D5E /* Poppins-ExtraLightItalic.ttf in Resources */ = {isa = PBXBuildFile; fileRef = 1D8576ED28EBFF9B00CF2D5E /* Poppins-ExtraLightItalic.ttf */; };
		1D85770D28EBFF9C00CF2D5E /* Poppins-BoldItalic.ttf in Resources */ = {isa = PBXBuildFile; fileRef = 1D8576EE28EBFF9B00CF2D5E /* Poppins-BoldItalic.ttf */; };
		1D85770E28EBFF9C00CF2D5E /* Poppins-Light.ttf in Resources */ = {isa = PBXBuildFile; fileRef = 1D8576EF28EBFF9B00CF2D5E /* Poppins-Light.ttf */; };
		1D85770F28EBFF9C00CF2D5E /* Poppins-Medium.ttf in Resources */ = {isa = PBXBuildFile; fileRef = 1D8576F028EBFF9B00CF2D5E /* Poppins-Medium.ttf */; };
		1D85771028EBFF9C00CF2D5E /* Poppins-SemiBoldItalic.ttf in Resources */ = {isa = PBXBuildFile; fileRef = 1D8576F128EBFF9B00CF2D5E /* Poppins-SemiBoldItalic.ttf */; };
		1D85771128EBFF9C00CF2D5E /* Poppins-ExtraBoldItalic.ttf in Resources */ = {isa = PBXBuildFile; fileRef = 1D8576F228EBFF9B00CF2D5E /* Poppins-ExtraBoldItalic.ttf */; };
		1D85771228EBFF9C00CF2D5E /* Poppins-ExtraBold.ttf in Resources */ = {isa = PBXBuildFile; fileRef = 1D8576F328EBFF9B00CF2D5E /* Poppins-ExtraBold.ttf */; };
		1D85771328EBFF9C00CF2D5E /* Poppins-BlackItalic.ttf in Resources */ = {isa = PBXBuildFile; fileRef = 1D8576F428EBFF9B00CF2D5E /* Poppins-BlackItalic.ttf */; };
		1D85771528EBFF9C00CF2D5E /* Poppins-Regular.ttf in Resources */ = {isa = PBXBuildFile; fileRef = 1D8576F628EBFF9B00CF2D5E /* Poppins-Regular.ttf */; };
		1D85771628EBFF9C00CF2D5E /* Poppins-LightItalic.ttf in Resources */ = {isa = PBXBuildFile; fileRef = 1D8576F728EBFF9B00CF2D5E /* Poppins-LightItalic.ttf */; };
		1D85771728EBFF9C00CF2D5E /* Poppins-Bold.ttf in Resources */ = {isa = PBXBuildFile; fileRef = 1D8576F828EBFF9B00CF2D5E /* Poppins-Bold.ttf */; };
		1D85771828EBFF9C00CF2D5E /* Poppins-Black.ttf in Resources */ = {isa = PBXBuildFile; fileRef = 1D8576F928EBFF9B00CF2D5E /* Poppins-Black.ttf */; };
		1D85771928EBFF9C00CF2D5E /* Poppins-Thin.ttf in Resources */ = {isa = PBXBuildFile; fileRef = 1D8576FA28EBFF9B00CF2D5E /* Poppins-Thin.ttf */; };
		1D85771A28EBFF9C00CF2D5E /* Poppins-SemiBold.ttf in Resources */ = {isa = PBXBuildFile; fileRef = 1D8576FB28EBFF9B00CF2D5E /* Poppins-SemiBold.ttf */; };
		1D85771B28EBFF9C00CF2D5E /* Poppins-Italic.ttf in Resources */ = {isa = PBXBuildFile; fileRef = 1D8576FC28EBFF9B00CF2D5E /* Poppins-Italic.ttf */; };
		1D85771C28EBFF9C00CF2D5E /* Poppins-MediumItalic.ttf in Resources */ = {isa = PBXBuildFile; fileRef = 1D8576FD28EBFF9B00CF2D5E /* Poppins-MediumItalic.ttf */; };
		1D85772228EC086600CF2D5E /* ReuseableLabel.swift in Sources */ = {isa = PBXBuildFile; fileRef = 1D85772128EC086600CF2D5E /* ReuseableLabel.swift */; };
		1DA5543728EEA1570040E4F7 /* ReusableButton.swift in Sources */ = {isa = PBXBuildFile; fileRef = 1DA5543628EEA1570040E4F7 /* ReusableButton.swift */; };
		1DBF11CD28F00CAC00C53D1E /* ReusableTabBar.swift in Sources */ = {isa = PBXBuildFile; fileRef = 1DBF11CC28F00CAC00C53D1E /* ReusableTabBar.swift */; };
		228971C6B79C4700E7DA9C4E /* Pods_FluffyTests.framework in Frameworks */ = {isa = PBXBuildFile; fileRef = 3FC985139B43D09D659850CB /* Pods_FluffyTests.framework */; };
		4B3D82BE29051A2F00F6A82F /* ModalSelectPetViewController.swift in Sources */ = {isa = PBXBuildFile; fileRef = 4B3D82BD29051A2F00F6A82F /* ModalSelectPetViewController.swift */; };
		4B3D82C029051A3900F6A82F /* ModalMonitoringViewController.swift in Sources */ = {isa = PBXBuildFile; fileRef = 4B3D82BF29051A3900F6A82F /* ModalMonitoringViewController.swift */; };
		4B3D82C229051A4500F6A82F /* ModalMonitoringTableViewCell.swift in Sources */ = {isa = PBXBuildFile; fileRef = 4B3D82C129051A4500F6A82F /* ModalMonitoringTableViewCell.swift */; };
		4B3D82C429051A5000F6A82F /* ModalCheckInOutViewController.swift in Sources */ = {isa = PBXBuildFile; fileRef = 4B3D82C329051A5000F6A82F /* ModalCheckInOutViewController.swift */; };
		4B78DB1C28EAD8A200744386 /* Style Guide.swift in Sources */ = {isa = PBXBuildFile; fileRef = 4B78DB1B28EAD8A200744386 /* Style Guide.swift */; };
		4B78DB1F28EAD8AE00744386 /* Base Providers.swift in Sources */ = {isa = PBXBuildFile; fileRef = 4B78DB1E28EAD8AE00744386 /* Base Providers.swift */; };
		4B78DB2328EAD8BD00744386 /* View Model .swift in Sources */ = {isa = PBXBuildFile; fileRef = 4B78DB2228EAD8BD00744386 /* View Model .swift */; };
		4B78DB2E28EAD8F200744386 /* specific layout.swift in Sources */ = {isa = PBXBuildFile; fileRef = 4B78DB2D28EAD8F200744386 /* specific layout.swift */; };
		4B78DB3128EAD90700744386 /* Api Services.swift in Sources */ = {isa = PBXBuildFile; fileRef = 4B78DB3028EAD90700744386 /* Api Services.swift */; };
		4B78DB3528EAD91C00744386 /* API Model.swift in Sources */ = {isa = PBXBuildFile; fileRef = 4B78DB3428EAD91C00744386 /* API Model.swift */; };
		4B78DB3828EAD92800744386 /* Class Model.swift in Sources */ = {isa = PBXBuildFile; fileRef = 4B78DB3728EAD92800744386 /* Class Model.swift */; };
		4BC609D728E572DE007A6DB0 /* AppDelegate.swift in Sources */ = {isa = PBXBuildFile; fileRef = 4BC609D628E572DE007A6DB0 /* AppDelegate.swift */; };
		4BC609D928E572DE007A6DB0 /* SceneDelegate.swift in Sources */ = {isa = PBXBuildFile; fileRef = 4BC609D828E572DE007A6DB0 /* SceneDelegate.swift */; };
		4BC609E028E572DF007A6DB0 /* Assets.xcassets in Resources */ = {isa = PBXBuildFile; fileRef = 4BC609DF28E572DF007A6DB0 /* Assets.xcassets */; };
		4BC609EE28E572DF007A6DB0 /* FluffyTests.swift in Sources */ = {isa = PBXBuildFile; fileRef = 4BC609ED28E572DF007A6DB0 /* FluffyTests.swift */; };
		4BC609F828E572DF007A6DB0 /* FluffyUITests.swift in Sources */ = {isa = PBXBuildFile; fileRef = 4BC609F728E572DF007A6DB0 /* FluffyUITests.swift */; };
		4BC609FA28E572DF007A6DB0 /* FluffyUITestsLaunchTests.swift in Sources */ = {isa = PBXBuildFile; fileRef = 4BC609F928E572DF007A6DB0 /* FluffyUITestsLaunchTests.swift */; };
		4BC60A1428E5744E007A6DB0 /* Extension.swift in Sources */ = {isa = PBXBuildFile; fileRef = 4BC60A1328E5744E007A6DB0 /* Extension.swift */; };
		4BC60A1628E57459007A6DB0 /* Helper Class.swift in Sources */ = {isa = PBXBuildFile; fileRef = 4BC60A1528E57459007A6DB0 /* Helper Class.swift */; };
		4E5068A828FD51D80005ADBF /* TapBar.swift in Sources */ = {isa = PBXBuildFile; fileRef = 4E5068A728FD51D80005ADBF /* TapBar.swift */; };
		4E5068AA28FD54D00005ADBF /* ExploreViewController.swift in Sources */ = {isa = PBXBuildFile; fileRef = 4E5068A928FD54D00005ADBF /* ExploreViewController.swift */; };
		4E5068AC28FD54E30005ADBF /* PetViewController.swift in Sources */ = {isa = PBXBuildFile; fileRef = 4E5068AB28FD54E30005ADBF /* PetViewController.swift */; };
		4E5068AE28FD54ED0005ADBF /* BookingViewController.swift in Sources */ = {isa = PBXBuildFile; fileRef = 4E5068AD28FD54ED0005ADBF /* BookingViewController.swift */; };
		4E5068B429001C4C0005ADBF /* ExploreTableViewCell.swift in Sources */ = {isa = PBXBuildFile; fileRef = 4E5068B329001C4C0005ADBF /* ExploreTableViewCell.swift */; };
		4E5A6D7028EC03D9009BBDE9 /* SwitchSelect.swift in Sources */ = {isa = PBXBuildFile; fileRef = 4E5A6D6F28EC03D9009BBDE9 /* SwitchSelect.swift */; };
		4E684C6228ED41B0009B4173 /* CarouselCollectionViewCell.swift in Sources */ = {isa = PBXBuildFile; fileRef = 4E684C6128ED41B0009B4173 /* CarouselCollectionViewCell.swift */; };
		4EAF1ED229027FC2007248AA /* NavController.swift in Sources */ = {isa = PBXBuildFile; fileRef = 4EAF1ED129027FC2007248AA /* NavController.swift */; };
		4EC56E4828F71FD1008ADD7F /* ExploreCard.swift in Sources */ = {isa = PBXBuildFile; fileRef = 4EC56E4728F71FD1008ADD7F /* ExploreCard.swift */; };
		4EC56E4C28F7FE33008ADD7F /* SupportedPetCollectionViewCell.swift in Sources */ = {isa = PBXBuildFile; fileRef = 4EC56E4B28F7FE33008ADD7F /* SupportedPetCollectionViewCell.swift */; };
		4EC56E4E28F826BB008ADD7F /* MonitoringViewController.swift in Sources */ = {isa = PBXBuildFile; fileRef = 4EC56E4D28F826BB008ADD7F /* MonitoringViewController.swift */; };
		4EC56E5028F84387008ADD7F /* MonitoringTableViewCell.swift in Sources */ = {isa = PBXBuildFile; fileRef = 4EC56E4F28F84387008ADD7F /* MonitoringTableViewCell.swift */; };
		74AA6A16C5F142F15BD92B05 /* Pods_Fluffy_FluffyUITests.framework in Frameworks */ = {isa = PBXBuildFile; fileRef = 2A279AC421335ED40E76880D /* Pods_Fluffy_FluffyUITests.framework */; };
		C77F1BAE87CA30606CB1C948 /* Pods_Fluffy.framework in Frameworks */ = {isa = PBXBuildFile; fileRef = 68BE59E93E1E1A8ED677FE8A /* Pods_Fluffy.framework */; };
/* End PBXBuildFile section */

/* Begin PBXContainerItemProxy section */
		4BC609EA28E572DF007A6DB0 /* PBXContainerItemProxy */ = {
			isa = PBXContainerItemProxy;
			containerPortal = 4BC609CB28E572DE007A6DB0 /* Project object */;
			proxyType = 1;
			remoteGlobalIDString = 4BC609D228E572DE007A6DB0;
			remoteInfo = Fluffy;
		};
		4BC609F428E572DF007A6DB0 /* PBXContainerItemProxy */ = {
			isa = PBXContainerItemProxy;
			containerPortal = 4BC609CB28E572DE007A6DB0 /* Project object */;
			proxyType = 1;
			remoteGlobalIDString = 4BC609D228E572DE007A6DB0;
			remoteInfo = Fluffy;
		};
/* End PBXContainerItemProxy section */

/* Begin PBXFileReference section */
		0CB3843C1C3EF3989435CB05 /* Pods-FluffyTests.debug.xcconfig */ = {isa = PBXFileReference; includeInIndex = 1; lastKnownFileType = text.xcconfig; name = "Pods-FluffyTests.debug.xcconfig"; path = "Target Support Files/Pods-FluffyTests/Pods-FluffyTests.debug.xcconfig"; sourceTree = "<group>"; };
		131CE0F91D3B34797E8AB832 /* Pods-FluffyTests.release.xcconfig */ = {isa = PBXFileReference; includeInIndex = 1; lastKnownFileType = text.xcconfig; name = "Pods-FluffyTests.release.xcconfig"; path = "Target Support Files/Pods-FluffyTests/Pods-FluffyTests.release.xcconfig"; sourceTree = "<group>"; };
		1D8576DD28EBFF9B00CF2D5E /* Inter-VariableFont_slnt,wght.ttf */ = {isa = PBXFileReference; lastKnownFileType = file; path = "Inter-VariableFont_slnt,wght.ttf"; sourceTree = "<group>"; };
		1D8576DF28EBFF9B00CF2D5E /* Inter-Medium.ttf */ = {isa = PBXFileReference; lastKnownFileType = file; path = "Inter-Medium.ttf"; sourceTree = "<group>"; };
		1D8576E028EBFF9B00CF2D5E /* Inter-Light.ttf */ = {isa = PBXFileReference; lastKnownFileType = file; path = "Inter-Light.ttf"; sourceTree = "<group>"; };
		1D8576E128EBFF9B00CF2D5E /* Inter-Thin.ttf */ = {isa = PBXFileReference; lastKnownFileType = file; path = "Inter-Thin.ttf"; sourceTree = "<group>"; };
		1D8576E228EBFF9B00CF2D5E /* Inter-Bold.ttf */ = {isa = PBXFileReference; lastKnownFileType = file; path = "Inter-Bold.ttf"; sourceTree = "<group>"; };
		1D8576E328EBFF9B00CF2D5E /* Inter-Regular.ttf */ = {isa = PBXFileReference; lastKnownFileType = file; path = "Inter-Regular.ttf"; sourceTree = "<group>"; };
		1D8576E428EBFF9B00CF2D5E /* Inter-ExtraBold.ttf */ = {isa = PBXFileReference; lastKnownFileType = file; path = "Inter-ExtraBold.ttf"; sourceTree = "<group>"; };
		1D8576E528EBFF9B00CF2D5E /* Inter-ExtraLight.ttf */ = {isa = PBXFileReference; lastKnownFileType = file; path = "Inter-ExtraLight.ttf"; sourceTree = "<group>"; };
		1D8576E628EBFF9B00CF2D5E /* Inter-Black.ttf */ = {isa = PBXFileReference; lastKnownFileType = file; path = "Inter-Black.ttf"; sourceTree = "<group>"; };
		1D8576E728EBFF9B00CF2D5E /* Inter-SemiBold.ttf */ = {isa = PBXFileReference; lastKnownFileType = file; path = "Inter-SemiBold.ttf"; sourceTree = "<group>"; };
		1D8576E928EBFF9B00CF2D5E /* README.txt */ = {isa = PBXFileReference; fileEncoding = 4; lastKnownFileType = text; path = README.txt; sourceTree = "<group>"; };
		1D8576EB28EBFF9B00CF2D5E /* Poppins-ExtraLight.ttf */ = {isa = PBXFileReference; lastKnownFileType = file; path = "Poppins-ExtraLight.ttf"; sourceTree = "<group>"; };
		1D8576EC28EBFF9B00CF2D5E /* Poppins-ThinItalic.ttf */ = {isa = PBXFileReference; lastKnownFileType = file; path = "Poppins-ThinItalic.ttf"; sourceTree = "<group>"; };
		1D8576ED28EBFF9B00CF2D5E /* Poppins-ExtraLightItalic.ttf */ = {isa = PBXFileReference; lastKnownFileType = file; path = "Poppins-ExtraLightItalic.ttf"; sourceTree = "<group>"; };
		1D8576EE28EBFF9B00CF2D5E /* Poppins-BoldItalic.ttf */ = {isa = PBXFileReference; lastKnownFileType = file; path = "Poppins-BoldItalic.ttf"; sourceTree = "<group>"; };
		1D8576EF28EBFF9B00CF2D5E /* Poppins-Light.ttf */ = {isa = PBXFileReference; lastKnownFileType = file; path = "Poppins-Light.ttf"; sourceTree = "<group>"; };
		1D8576F028EBFF9B00CF2D5E /* Poppins-Medium.ttf */ = {isa = PBXFileReference; lastKnownFileType = file; path = "Poppins-Medium.ttf"; sourceTree = "<group>"; };
		1D8576F128EBFF9B00CF2D5E /* Poppins-SemiBoldItalic.ttf */ = {isa = PBXFileReference; lastKnownFileType = file; path = "Poppins-SemiBoldItalic.ttf"; sourceTree = "<group>"; };
		1D8576F228EBFF9B00CF2D5E /* Poppins-ExtraBoldItalic.ttf */ = {isa = PBXFileReference; lastKnownFileType = file; path = "Poppins-ExtraBoldItalic.ttf"; sourceTree = "<group>"; };
		1D8576F328EBFF9B00CF2D5E /* Poppins-ExtraBold.ttf */ = {isa = PBXFileReference; lastKnownFileType = file; path = "Poppins-ExtraBold.ttf"; sourceTree = "<group>"; };
		1D8576F428EBFF9B00CF2D5E /* Poppins-BlackItalic.ttf */ = {isa = PBXFileReference; lastKnownFileType = file; path = "Poppins-BlackItalic.ttf"; sourceTree = "<group>"; };
		1D8576F628EBFF9B00CF2D5E /* Poppins-Regular.ttf */ = {isa = PBXFileReference; lastKnownFileType = file; path = "Poppins-Regular.ttf"; sourceTree = "<group>"; };
		1D8576F728EBFF9B00CF2D5E /* Poppins-LightItalic.ttf */ = {isa = PBXFileReference; lastKnownFileType = file; path = "Poppins-LightItalic.ttf"; sourceTree = "<group>"; };
		1D8576F828EBFF9B00CF2D5E /* Poppins-Bold.ttf */ = {isa = PBXFileReference; lastKnownFileType = file; path = "Poppins-Bold.ttf"; sourceTree = "<group>"; };
		1D8576F928EBFF9B00CF2D5E /* Poppins-Black.ttf */ = {isa = PBXFileReference; lastKnownFileType = file; path = "Poppins-Black.ttf"; sourceTree = "<group>"; };
		1D8576FA28EBFF9B00CF2D5E /* Poppins-Thin.ttf */ = {isa = PBXFileReference; lastKnownFileType = file; path = "Poppins-Thin.ttf"; sourceTree = "<group>"; };
		1D8576FB28EBFF9B00CF2D5E /* Poppins-SemiBold.ttf */ = {isa = PBXFileReference; lastKnownFileType = file; path = "Poppins-SemiBold.ttf"; sourceTree = "<group>"; };
		1D8576FC28EBFF9B00CF2D5E /* Poppins-Italic.ttf */ = {isa = PBXFileReference; lastKnownFileType = file; path = "Poppins-Italic.ttf"; sourceTree = "<group>"; };
		1D8576FD28EBFF9B00CF2D5E /* Poppins-MediumItalic.ttf */ = {isa = PBXFileReference; lastKnownFileType = file; path = "Poppins-MediumItalic.ttf"; sourceTree = "<group>"; };
		1D85772128EC086600CF2D5E /* ReuseableLabel.swift */ = {isa = PBXFileReference; lastKnownFileType = sourcecode.swift; path = ReuseableLabel.swift; sourceTree = "<group>"; };
		1DA5543228ED604C0040E4F7 /* CheckViewController.swift */ = {isa = PBXFileReference; lastKnownFileType = sourcecode.swift; path = CheckViewController.swift; sourceTree = "<group>"; };
		1DA5543628EEA1570040E4F7 /* ReusableButton.swift */ = {isa = PBXFileReference; lastKnownFileType = sourcecode.swift; path = ReusableButton.swift; sourceTree = "<group>"; };
		1DBF11CC28F00CAC00C53D1E /* ReusableTabBar.swift */ = {isa = PBXFileReference; lastKnownFileType = sourcecode.swift; path = ReusableTabBar.swift; sourceTree = "<group>"; };
		2648BC5D0623475B71D59148 /* Pods-Fluffy-FluffyUITests.release.xcconfig */ = {isa = PBXFileReference; includeInIndex = 1; lastKnownFileType = text.xcconfig; name = "Pods-Fluffy-FluffyUITests.release.xcconfig"; path = "Target Support Files/Pods-Fluffy-FluffyUITests/Pods-Fluffy-FluffyUITests.release.xcconfig"; sourceTree = "<group>"; };
		2A279AC421335ED40E76880D /* Pods_Fluffy_FluffyUITests.framework */ = {isa = PBXFileReference; explicitFileType = wrapper.framework; includeInIndex = 0; path = Pods_Fluffy_FluffyUITests.framework; sourceTree = BUILT_PRODUCTS_DIR; };
		391FB2353E3E4D1516AADE30 /* Pods-Fluffy.debug.xcconfig */ = {isa = PBXFileReference; includeInIndex = 1; lastKnownFileType = text.xcconfig; name = "Pods-Fluffy.debug.xcconfig"; path = "Target Support Files/Pods-Fluffy/Pods-Fluffy.debug.xcconfig"; sourceTree = "<group>"; };
		3FC985139B43D09D659850CB /* Pods_FluffyTests.framework */ = {isa = PBXFileReference; explicitFileType = wrapper.framework; includeInIndex = 0; path = Pods_FluffyTests.framework; sourceTree = BUILT_PRODUCTS_DIR; };
		4B3D82BD29051A2F00F6A82F /* ModalSelectPetViewController.swift */ = {isa = PBXFileReference; fileEncoding = 4; lastKnownFileType = sourcecode.swift; name = ModalSelectPetViewController.swift; path = Fluffy/Views/Modal/ModalSelectPetViewController.swift; sourceTree = SOURCE_ROOT; };
		4B3D82BF29051A3900F6A82F /* ModalMonitoringViewController.swift */ = {isa = PBXFileReference; fileEncoding = 4; lastKnownFileType = sourcecode.swift; name = ModalMonitoringViewController.swift; path = Fluffy/Views/Modal/ModalMonitoringViewController.swift; sourceTree = SOURCE_ROOT; };
		4B3D82C129051A4500F6A82F /* ModalMonitoringTableViewCell.swift */ = {isa = PBXFileReference; fileEncoding = 4; lastKnownFileType = sourcecode.swift; name = ModalMonitoringTableViewCell.swift; path = "Fluffy/Views/Modal/Custom Cell/ModalMonitoringTableViewCell.swift"; sourceTree = SOURCE_ROOT; };
		4B3D82C329051A5000F6A82F /* ModalCheckInOutViewController.swift */ = {isa = PBXFileReference; fileEncoding = 4; lastKnownFileType = sourcecode.swift; name = ModalCheckInOutViewController.swift; path = Fluffy/Views/Modal/ModalCheckInOutViewController.swift; sourceTree = SOURCE_ROOT; };
		4B78DB1B28EAD8A200744386 /* Style Guide.swift */ = {isa = PBXFileReference; lastKnownFileType = sourcecode.swift; path = "Style Guide.swift"; sourceTree = "<group>"; };
		4B78DB1E28EAD8AE00744386 /* Base Providers.swift */ = {isa = PBXFileReference; lastKnownFileType = sourcecode.swift; path = "Base Providers.swift"; sourceTree = "<group>"; };
		4B78DB2228EAD8BD00744386 /* View Model .swift */ = {isa = PBXFileReference; lastKnownFileType = sourcecode.swift; path = "View Model .swift"; sourceTree = "<group>"; };
		4B78DB2D28EAD8F200744386 /* specific layout.swift */ = {isa = PBXFileReference; lastKnownFileType = sourcecode.swift; path = "specific layout.swift"; sourceTree = "<group>"; };
		4B78DB3028EAD90700744386 /* Api Services.swift */ = {isa = PBXFileReference; lastKnownFileType = sourcecode.swift; path = "Api Services.swift"; sourceTree = "<group>"; };
		4B78DB3428EAD91C00744386 /* API Model.swift */ = {isa = PBXFileReference; lastKnownFileType = sourcecode.swift; path = "API Model.swift"; sourceTree = "<group>"; };
		4B78DB3728EAD92800744386 /* Class Model.swift */ = {isa = PBXFileReference; lastKnownFileType = sourcecode.swift; path = "Class Model.swift"; sourceTree = "<group>"; };
		4BC609D328E572DE007A6DB0 /* Fluffy.app */ = {isa = PBXFileReference; explicitFileType = wrapper.application; includeInIndex = 0; path = Fluffy.app; sourceTree = BUILT_PRODUCTS_DIR; };
		4BC609D628E572DE007A6DB0 /* AppDelegate.swift */ = {isa = PBXFileReference; lastKnownFileType = sourcecode.swift; path = AppDelegate.swift; sourceTree = "<group>"; };
		4BC609D828E572DE007A6DB0 /* SceneDelegate.swift */ = {isa = PBXFileReference; lastKnownFileType = sourcecode.swift; path = SceneDelegate.swift; sourceTree = "<group>"; };
		4BC609DF28E572DF007A6DB0 /* Assets.xcassets */ = {isa = PBXFileReference; lastKnownFileType = folder.assetcatalog; path = Assets.xcassets; sourceTree = "<group>"; };
		4BC609E428E572DF007A6DB0 /* Info.plist */ = {isa = PBXFileReference; lastKnownFileType = text.plist.xml; path = Info.plist; sourceTree = "<group>"; };
		4BC609E928E572DF007A6DB0 /* FluffyTests.xctest */ = {isa = PBXFileReference; explicitFileType = wrapper.cfbundle; includeInIndex = 0; path = FluffyTests.xctest; sourceTree = BUILT_PRODUCTS_DIR; };
		4BC609ED28E572DF007A6DB0 /* FluffyTests.swift */ = {isa = PBXFileReference; lastKnownFileType = sourcecode.swift; path = FluffyTests.swift; sourceTree = "<group>"; };
		4BC609F328E572DF007A6DB0 /* FluffyUITests.xctest */ = {isa = PBXFileReference; explicitFileType = wrapper.cfbundle; includeInIndex = 0; path = FluffyUITests.xctest; sourceTree = BUILT_PRODUCTS_DIR; };
		4BC609F728E572DF007A6DB0 /* FluffyUITests.swift */ = {isa = PBXFileReference; lastKnownFileType = sourcecode.swift; path = FluffyUITests.swift; sourceTree = "<group>"; };
		4BC609F928E572DF007A6DB0 /* FluffyUITestsLaunchTests.swift */ = {isa = PBXFileReference; lastKnownFileType = sourcecode.swift; path = FluffyUITestsLaunchTests.swift; sourceTree = "<group>"; };
		4BC60A1328E5744E007A6DB0 /* Extension.swift */ = {isa = PBXFileReference; lastKnownFileType = sourcecode.swift; path = Extension.swift; sourceTree = "<group>"; };
		4BC60A1528E57459007A6DB0 /* Helper Class.swift */ = {isa = PBXFileReference; lastKnownFileType = sourcecode.swift; path = "Helper Class.swift"; sourceTree = "<group>"; };
		4E5068A728FD51D80005ADBF /* TapBar.swift */ = {isa = PBXFileReference; lastKnownFileType = sourcecode.swift; path = TapBar.swift; sourceTree = "<group>"; };
		4E5068A928FD54D00005ADBF /* ExploreViewController.swift */ = {isa = PBXFileReference; lastKnownFileType = sourcecode.swift; path = ExploreViewController.swift; sourceTree = "<group>"; };
		4E5068AB28FD54E30005ADBF /* PetViewController.swift */ = {isa = PBXFileReference; lastKnownFileType = sourcecode.swift; path = PetViewController.swift; sourceTree = "<group>"; };
		4E5068AD28FD54ED0005ADBF /* BookingViewController.swift */ = {isa = PBXFileReference; lastKnownFileType = sourcecode.swift; path = BookingViewController.swift; sourceTree = "<group>"; };
		4E5068B329001C4C0005ADBF /* ExploreTableViewCell.swift */ = {isa = PBXFileReference; lastKnownFileType = sourcecode.swift; path = ExploreTableViewCell.swift; sourceTree = "<group>"; };
		4E5A6D6F28EC03D9009BBDE9 /* SwitchSelect.swift */ = {isa = PBXFileReference; lastKnownFileType = sourcecode.swift; path = SwitchSelect.swift; sourceTree = "<group>"; };
		4E684C6128ED41B0009B4173 /* CarouselCollectionViewCell.swift */ = {isa = PBXFileReference; lastKnownFileType = sourcecode.swift; path = CarouselCollectionViewCell.swift; sourceTree = "<group>"; };
		4EAF1ED129027FC2007248AA /* NavController.swift */ = {isa = PBXFileReference; lastKnownFileType = sourcecode.swift; path = NavController.swift; sourceTree = "<group>"; };
		4EC56E4728F71FD1008ADD7F /* ExploreCard.swift */ = {isa = PBXFileReference; lastKnownFileType = sourcecode.swift; path = ExploreCard.swift; sourceTree = "<group>"; };
		4EC56E4B28F7FE33008ADD7F /* SupportedPetCollectionViewCell.swift */ = {isa = PBXFileReference; lastKnownFileType = sourcecode.swift; path = SupportedPetCollectionViewCell.swift; sourceTree = "<group>"; };
		4EC56E4D28F826BB008ADD7F /* MonitoringViewController.swift */ = {isa = PBXFileReference; lastKnownFileType = sourcecode.swift; path = MonitoringViewController.swift; sourceTree = "<group>"; };
		4EC56E4F28F84387008ADD7F /* MonitoringTableViewCell.swift */ = {isa = PBXFileReference; lastKnownFileType = sourcecode.swift; path = MonitoringTableViewCell.swift; sourceTree = "<group>"; };
		68BE59E93E1E1A8ED677FE8A /* Pods_Fluffy.framework */ = {isa = PBXFileReference; explicitFileType = wrapper.framework; includeInIndex = 0; path = Pods_Fluffy.framework; sourceTree = BUILT_PRODUCTS_DIR; };
		6BE16CB5272393936D4173E4 /* Pods-Fluffy-FluffyUITests.debug.xcconfig */ = {isa = PBXFileReference; includeInIndex = 1; lastKnownFileType = text.xcconfig; name = "Pods-Fluffy-FluffyUITests.debug.xcconfig"; path = "Target Support Files/Pods-Fluffy-FluffyUITests/Pods-Fluffy-FluffyUITests.debug.xcconfig"; sourceTree = "<group>"; };
		E6BD3B26BC8B49D6320F490D /* Pods-Fluffy.release.xcconfig */ = {isa = PBXFileReference; includeInIndex = 1; lastKnownFileType = text.xcconfig; name = "Pods-Fluffy.release.xcconfig"; path = "Target Support Files/Pods-Fluffy/Pods-Fluffy.release.xcconfig"; sourceTree = "<group>"; };
/* End PBXFileReference section */

/* Begin PBXFrameworksBuildPhase section */
		4BC609D028E572DE007A6DB0 /* Frameworks */ = {
			isa = PBXFrameworksBuildPhase;
			buildActionMask = 2147483647;
			files = (
				C77F1BAE87CA30606CB1C948 /* Pods_Fluffy.framework in Frameworks */,
			);
			runOnlyForDeploymentPostprocessing = 0;
		};
		4BC609E628E572DF007A6DB0 /* Frameworks */ = {
			isa = PBXFrameworksBuildPhase;
			buildActionMask = 2147483647;
			files = (
				228971C6B79C4700E7DA9C4E /* Pods_FluffyTests.framework in Frameworks */,
			);
			runOnlyForDeploymentPostprocessing = 0;
		};
		4BC609F028E572DF007A6DB0 /* Frameworks */ = {
			isa = PBXFrameworksBuildPhase;
			buildActionMask = 2147483647;
			files = (
				74AA6A16C5F142F15BD92B05 /* Pods_Fluffy_FluffyUITests.framework in Frameworks */,
			);
			runOnlyForDeploymentPostprocessing = 0;
		};
/* End PBXFrameworksBuildPhase section */

/* Begin PBXGroup section */
		1D8576DB28EBFF6400CF2D5E /* Custom Fonts */ = {
			isa = PBXGroup;
			children = (
				1D8576DC28EBFF9B00CF2D5E /* Inter */,
				1D8576EA28EBFF9B00CF2D5E /* Poppins */,
			);
			path = "Custom Fonts";
			sourceTree = "<group>";
		};
		1D8576DC28EBFF9B00CF2D5E /* Inter */ = {
			isa = PBXGroup;
			children = (
				1D8576DD28EBFF9B00CF2D5E /* Inter-VariableFont_slnt,wght.ttf */,
				1D8576DE28EBFF9B00CF2D5E /* static */,
				1D8576E928EBFF9B00CF2D5E /* README.txt */,
			);
			path = Inter;
			sourceTree = "<group>";
		};
		1D8576DE28EBFF9B00CF2D5E /* static */ = {
			isa = PBXGroup;
			children = (
				1D8576DF28EBFF9B00CF2D5E /* Inter-Medium.ttf */,
				1D8576E028EBFF9B00CF2D5E /* Inter-Light.ttf */,
				1D8576E128EBFF9B00CF2D5E /* Inter-Thin.ttf */,
				1D8576E228EBFF9B00CF2D5E /* Inter-Bold.ttf */,
				1D8576E328EBFF9B00CF2D5E /* Inter-Regular.ttf */,
				1D8576E428EBFF9B00CF2D5E /* Inter-ExtraBold.ttf */,
				1D8576E528EBFF9B00CF2D5E /* Inter-ExtraLight.ttf */,
				1D8576E628EBFF9B00CF2D5E /* Inter-Black.ttf */,
				1D8576E728EBFF9B00CF2D5E /* Inter-SemiBold.ttf */,
			);
			path = static;
			sourceTree = "<group>";
		};
		1D8576EA28EBFF9B00CF2D5E /* Poppins */ = {
			isa = PBXGroup;
			children = (
				1D8576EB28EBFF9B00CF2D5E /* Poppins-ExtraLight.ttf */,
				1D8576EC28EBFF9B00CF2D5E /* Poppins-ThinItalic.ttf */,
				1D8576ED28EBFF9B00CF2D5E /* Poppins-ExtraLightItalic.ttf */,
				1D8576EE28EBFF9B00CF2D5E /* Poppins-BoldItalic.ttf */,
				1D8576EF28EBFF9B00CF2D5E /* Poppins-Light.ttf */,
				1D8576F028EBFF9B00CF2D5E /* Poppins-Medium.ttf */,
				1D8576F128EBFF9B00CF2D5E /* Poppins-SemiBoldItalic.ttf */,
				1D8576F228EBFF9B00CF2D5E /* Poppins-ExtraBoldItalic.ttf */,
				1D8576F328EBFF9B00CF2D5E /* Poppins-ExtraBold.ttf */,
				1D8576F428EBFF9B00CF2D5E /* Poppins-BlackItalic.ttf */,
				1D8576F628EBFF9B00CF2D5E /* Poppins-Regular.ttf */,
				1D8576F728EBFF9B00CF2D5E /* Poppins-LightItalic.ttf */,
				1D8576F828EBFF9B00CF2D5E /* Poppins-Bold.ttf */,
				1D8576F928EBFF9B00CF2D5E /* Poppins-Black.ttf */,
				1D8576FA28EBFF9B00CF2D5E /* Poppins-Thin.ttf */,
				1D8576FB28EBFF9B00CF2D5E /* Poppins-SemiBold.ttf */,
				1D8576FC28EBFF9B00CF2D5E /* Poppins-Italic.ttf */,
				1D8576FD28EBFF9B00CF2D5E /* Poppins-MediumItalic.ttf */,
			);
			path = Poppins;
			sourceTree = "<group>";
		};
		1DF86BA128F566650070EA4A /* Recovered References */ = {
			isa = PBXGroup;
			children = (
				1DA5543228ED604C0040E4F7 /* CheckViewController.swift */,
			);
			name = "Recovered References";
			sourceTree = "<group>";
		};
		32A35FA660F74A23C722733B /* Pods */ = {
			isa = PBXGroup;
			children = (
				391FB2353E3E4D1516AADE30 /* Pods-Fluffy.debug.xcconfig */,
				E6BD3B26BC8B49D6320F490D /* Pods-Fluffy.release.xcconfig */,
				6BE16CB5272393936D4173E4 /* Pods-Fluffy-FluffyUITests.debug.xcconfig */,
				2648BC5D0623475B71D59148 /* Pods-Fluffy-FluffyUITests.release.xcconfig */,
				0CB3843C1C3EF3989435CB05 /* Pods-FluffyTests.debug.xcconfig */,
				131CE0F91D3B34797E8AB832 /* Pods-FluffyTests.release.xcconfig */,
			);
			path = Pods;
			sourceTree = "<group>";
		};
		4B78DB1A28EAD89200744386 /* Miscellaneous */ = {
			isa = PBXGroup;
			children = (
				1D8576DB28EBFF6400CF2D5E /* Custom Fonts */,
				4B78DB1B28EAD8A200744386 /* Style Guide.swift */,
			);
			path = Miscellaneous;
			sourceTree = "<group>";
		};
		4B78DB1D28EAD8A500744386 /* Provider */ = {
			isa = PBXGroup;
			children = (
				4B78DB1E28EAD8AE00744386 /* Base Providers.swift */,
			);
			path = Provider;
			sourceTree = "<group>";
		};
		4B78DB2028EAD8B100744386 /* View Model */ = {
			isa = PBXGroup;
			children = (
				4B78DB2228EAD8BD00744386 /* View Model .swift */,
			);
			path = "View Model";
			sourceTree = "<group>";
		};
		4B78DB2428EAD8C000744386 /* Views */ = {
			isa = PBXGroup;
			children = (
				4E5068B229001C1C0005ADBF /* Booking */,
				4E5068AF29001BE90005ADBF /* Explore */,
				4E5068B129001C070005ADBF /* Pet */,
				4E5068B029001BF90005ADBF /* Monitoring */,
			);
			path = Views;
			sourceTree = "<group>";
		};
		4B78DB2728EAD8CC00744386 /* Components */ = {
			isa = PBXGroup;
			children = (
				4B78DB2B28EAD8E100744386 /* Specific Layout */,
				4B78DB2828EAD8D500744386 /* Shared Layout */,
			);
			path = Components;
			sourceTree = "<group>";
		};
		4B78DB2828EAD8D500744386 /* Shared Layout */ = {
			isa = PBXGroup;
			children = (
				4E5A6D6F28EC03D9009BBDE9 /* SwitchSelect.swift */,
				1D85772128EC086600CF2D5E /* ReuseableLabel.swift */,
				1DA5543628EEA1570040E4F7 /* ReusableButton.swift */,
				4EC56E4728F71FD1008ADD7F /* ExploreCard.swift */,
				4EC56E4B28F7FE33008ADD7F /* SupportedPetCollectionViewCell.swift */,
				1DBF11CC28F00CAC00C53D1E /* ReusableTabBar.swift */,
				4EAF1ED129027FC2007248AA /* NavController.swift */,
				4E5068A728FD51D80005ADBF /* TapBar.swift */,
				4E684C6028ED3DC6009B4173 /* Carousel */,
			);
			path = "Shared Layout";
			sourceTree = "<group>";
		};
		4B78DB2B28EAD8E100744386 /* Specific Layout */ = {
			isa = PBXGroup;
			children = (
				4B78DB2D28EAD8F200744386 /* specific layout.swift */,
			);
			path = "Specific Layout";
			sourceTree = "<group>";
		};
		4B78DB2F28EAD8FB00744386 /* Services */ = {
			isa = PBXGroup;
			children = (
				4B78DB3028EAD90700744386 /* Api Services.swift */,
			);
			path = Services;
			sourceTree = "<group>";
		};
		4B78DB3228EAD90E00744386 /* Models */ = {
			isa = PBXGroup;
			children = (
				4B78DB3628EAD91F00744386 /* Class Model */,
				4B78DB3328EAD91100744386 /* API Model */,
			);
			path = Models;
			sourceTree = "<group>";
		};
		4B78DB3328EAD91100744386 /* API Model */ = {
			isa = PBXGroup;
			children = (
				4B78DB3428EAD91C00744386 /* API Model.swift */,
			);
			path = "API Model";
			sourceTree = "<group>";
		};
		4B78DB3628EAD91F00744386 /* Class Model */ = {
			isa = PBXGroup;
			children = (
				4B78DB3728EAD92800744386 /* Class Model.swift */,
			);
			path = "Class Model";
			sourceTree = "<group>";
		};
		4BC609CA28E572DE007A6DB0 = {
			isa = PBXGroup;
			children = (
				4BC609D528E572DE007A6DB0 /* Fluffy */,
				4BC609EC28E572DF007A6DB0 /* FluffyTests */,
				4BC609F628E572DF007A6DB0 /* FluffyUITests */,
				4BC609D428E572DE007A6DB0 /* Products */,
				32A35FA660F74A23C722733B /* Pods */,
				702D24B61AB42153E49B2163 /* Frameworks */,
				1DF86BA128F566650070EA4A /* Recovered References */,
			);
			sourceTree = "<group>";
		};
		4BC609D428E572DE007A6DB0 /* Products */ = {
			isa = PBXGroup;
			children = (
				4BC609D328E572DE007A6DB0 /* Fluffy.app */,
				4BC609E928E572DF007A6DB0 /* FluffyTests.xctest */,
				4BC609F328E572DF007A6DB0 /* FluffyUITests.xctest */,
			);
			name = Products;
			sourceTree = "<group>";
		};
		4BC609D528E572DE007A6DB0 /* Fluffy */ = {
			isa = PBXGroup;
			children = (
				4B78DB3228EAD90E00744386 /* Models */,
				4B78DB2F28EAD8FB00744386 /* Services */,
				4B78DB2728EAD8CC00744386 /* Components */,
				4B78DB2428EAD8C000744386 /* Views */,
				4B78DB2028EAD8B100744386 /* View Model */,
				4B78DB1D28EAD8A500744386 /* Provider */,
				4B78DB1A28EAD89200744386 /* Miscellaneous */,
				4BC60A0728E573B8007A6DB0 /* Base */,
				4BC60A0A28E573EF007A6DB0 /* Utils */,
				4BC609DF28E572DF007A6DB0 /* Assets.xcassets */,
				4BC609E428E572DF007A6DB0 /* Info.plist */,
			);
			path = Fluffy;
			sourceTree = "<group>";
		};
		4BC609EC28E572DF007A6DB0 /* FluffyTests */ = {
			isa = PBXGroup;
			children = (
				4BC609ED28E572DF007A6DB0 /* FluffyTests.swift */,
			);
			path = FluffyTests;
			sourceTree = "<group>";
		};
		4BC609F628E572DF007A6DB0 /* FluffyUITests */ = {
			isa = PBXGroup;
			children = (
				4BC609F728E572DF007A6DB0 /* FluffyUITests.swift */,
				4BC609F928E572DF007A6DB0 /* FluffyUITestsLaunchTests.swift */,
			);
			path = FluffyUITests;
			sourceTree = "<group>";
		};
		4BC60A0728E573B8007A6DB0 /* Base */ = {
			isa = PBXGroup;
			children = (
				4BC609D628E572DE007A6DB0 /* AppDelegate.swift */,
				4BC609D828E572DE007A6DB0 /* SceneDelegate.swift */,
			);
			path = Base;
			sourceTree = "<group>";
		};
		4BC60A0A28E573EF007A6DB0 /* Utils */ = {
			isa = PBXGroup;
			children = (
				4BC60A1328E5744E007A6DB0 /* Extension.swift */,
				4BC60A1528E57459007A6DB0 /* Helper Class.swift */,
			);
			path = Utils;
			sourceTree = "<group>";
		};
		4E5068AF29001BE90005ADBF /* Explore */ = {
			isa = PBXGroup;
			children = (
				4E5068A928FD54D00005ADBF /* ExploreViewController.swift */,
				4E5068B329001C4C0005ADBF /* ExploreTableViewCell.swift */,
			);
			path = Explore;
			sourceTree = "<group>";
		};
		4E5068B029001BF90005ADBF /* Monitoring */ = {
			isa = PBXGroup;
			children = (
				4B3D82C329051A5000F6A82F /* ModalCheckInOutViewController.swift */,
				4B3D82C129051A4500F6A82F /* ModalMonitoringTableViewCell.swift */,
				4B3D82BF29051A3900F6A82F /* ModalMonitoringViewController.swift */,
				4B3D82BD29051A2F00F6A82F /* ModalSelectPetViewController.swift */,
				4EC56E4F28F84387008ADD7F /* MonitoringTableViewCell.swift */,
				4EC56E4D28F826BB008ADD7F /* MonitoringViewController.swift */,
			);
			path = Monitoring;
			sourceTree = "<group>";
		};
		4E5068B129001C070005ADBF /* Pet */ = {
			isa = PBXGroup;
			children = (
				4E5068AB28FD54E30005ADBF /* PetViewController.swift */,
			);
			path = Pet;
			sourceTree = "<group>";
		};
		4E5068B229001C1C0005ADBF /* Booking */ = {
			isa = PBXGroup;
			children = (
				4E5068AD28FD54ED0005ADBF /* BookingViewController.swift */,
			);
			path = Booking;
			sourceTree = "<group>";
		};
		4E684C6028ED3DC6009B4173 /* Carousel */ = {
			isa = PBXGroup;
			children = (
				4E684C6128ED41B0009B4173 /* CarouselCollectionViewCell.swift */,
			);
			path = Carousel;
			sourceTree = "<group>";
		};
		702D24B61AB42153E49B2163 /* Frameworks */ = {
			isa = PBXGroup;
			children = (
				68BE59E93E1E1A8ED677FE8A /* Pods_Fluffy.framework */,
				2A279AC421335ED40E76880D /* Pods_Fluffy_FluffyUITests.framework */,
				3FC985139B43D09D659850CB /* Pods_FluffyTests.framework */,
			);
			name = Frameworks;
			sourceTree = "<group>";
		};
/* End PBXGroup section */

/* Begin PBXNativeTarget section */
		4BC609D228E572DE007A6DB0 /* Fluffy */ = {
			isa = PBXNativeTarget;
			buildConfigurationList = 4BC609FD28E572DF007A6DB0 /* Build configuration list for PBXNativeTarget "Fluffy" */;
			buildPhases = (
				453BE7B421B7C871DAF8D76D /* [CP] Check Pods Manifest.lock */,
				4BC609CF28E572DE007A6DB0 /* Sources */,
				4BC609D028E572DE007A6DB0 /* Frameworks */,
				4BC609D128E572DE007A6DB0 /* Resources */,
				5A6A86A420FC16D4275BEDD1 /* [CP] Embed Pods Frameworks */,
			);
			buildRules = (
			);
			dependencies = (
			);
			name = Fluffy;
			productName = Fluffy;
			productReference = 4BC609D328E572DE007A6DB0 /* Fluffy.app */;
			productType = "com.apple.product-type.application";
		};
		4BC609E828E572DF007A6DB0 /* FluffyTests */ = {
			isa = PBXNativeTarget;
			buildConfigurationList = 4BC60A0028E572DF007A6DB0 /* Build configuration list for PBXNativeTarget "FluffyTests" */;
			buildPhases = (
				41288D49264B0A94B9F9C2FD /* [CP] Check Pods Manifest.lock */,
				4BC609E528E572DF007A6DB0 /* Sources */,
				4BC609E628E572DF007A6DB0 /* Frameworks */,
				4BC609E728E572DF007A6DB0 /* Resources */,
			);
			buildRules = (
			);
			dependencies = (
				4BC609EB28E572DF007A6DB0 /* PBXTargetDependency */,
			);
			name = FluffyTests;
			productName = FluffyTests;
			productReference = 4BC609E928E572DF007A6DB0 /* FluffyTests.xctest */;
			productType = "com.apple.product-type.bundle.unit-test";
		};
		4BC609F228E572DF007A6DB0 /* FluffyUITests */ = {
			isa = PBXNativeTarget;
			buildConfigurationList = 4BC60A0328E572DF007A6DB0 /* Build configuration list for PBXNativeTarget "FluffyUITests" */;
			buildPhases = (
				5965007D86B0DB3FE3494978 /* [CP] Check Pods Manifest.lock */,
				4BC609EF28E572DF007A6DB0 /* Sources */,
				4BC609F028E572DF007A6DB0 /* Frameworks */,
				4BC609F128E572DF007A6DB0 /* Resources */,
				28F9C81C378E99BF3945504B /* [CP] Embed Pods Frameworks */,
			);
			buildRules = (
			);
			dependencies = (
				4BC609F528E572DF007A6DB0 /* PBXTargetDependency */,
			);
			name = FluffyUITests;
			productName = FluffyUITests;
			productReference = 4BC609F328E572DF007A6DB0 /* FluffyUITests.xctest */;
			productType = "com.apple.product-type.bundle.ui-testing";
		};
/* End PBXNativeTarget section */

/* Begin PBXProject section */
		4BC609CB28E572DE007A6DB0 /* Project object */ = {
			isa = PBXProject;
			attributes = {
				BuildIndependentTargetsInParallel = 1;
				LastSwiftUpdateCheck = 1340;
				LastUpgradeCheck = 1340;
				TargetAttributes = {
					4BC609D228E572DE007A6DB0 = {
						CreatedOnToolsVersion = 13.4.1;
					};
					4BC609E828E572DF007A6DB0 = {
						CreatedOnToolsVersion = 13.4.1;
						TestTargetID = 4BC609D228E572DE007A6DB0;
					};
					4BC609F228E572DF007A6DB0 = {
						CreatedOnToolsVersion = 13.4.1;
						TestTargetID = 4BC609D228E572DE007A6DB0;
					};
				};
			};
			buildConfigurationList = 4BC609CE28E572DE007A6DB0 /* Build configuration list for PBXProject "Fluffy" */;
			compatibilityVersion = "Xcode 13.0";
			developmentRegion = en;
			hasScannedForEncodings = 0;
			knownRegions = (
				en,
				Base,
			);
			mainGroup = 4BC609CA28E572DE007A6DB0;
			productRefGroup = 4BC609D428E572DE007A6DB0 /* Products */;
			projectDirPath = "";
			projectRoot = "";
			targets = (
				4BC609D228E572DE007A6DB0 /* Fluffy */,
				4BC609E828E572DF007A6DB0 /* FluffyTests */,
				4BC609F228E572DF007A6DB0 /* FluffyUITests */,
			);
		};
/* End PBXProject section */

/* Begin PBXResourcesBuildPhase section */
		4BC609D128E572DE007A6DB0 /* Resources */ = {
			isa = PBXResourcesBuildPhase;
			buildActionMask = 2147483647;
			files = (
				1D85770A28EBFF9C00CF2D5E /* Poppins-ExtraLight.ttf in Resources */,
				1D85771C28EBFF9C00CF2D5E /* Poppins-MediumItalic.ttf in Resources */,
				1D85770B28EBFF9C00CF2D5E /* Poppins-ThinItalic.ttf in Resources */,
				1D85770728EBFF9C00CF2D5E /* Inter-SemiBold.ttf in Resources */,
				1D85770028EBFF9C00CF2D5E /* Inter-Light.ttf in Resources */,
				1D85771328EBFF9C00CF2D5E /* Poppins-BlackItalic.ttf in Resources */,
				1D85770C28EBFF9C00CF2D5E /* Poppins-ExtraLightItalic.ttf in Resources */,
				1D85770528EBFF9C00CF2D5E /* Inter-ExtraLight.ttf in Resources */,
				1D85771128EBFF9C00CF2D5E /* Poppins-ExtraBoldItalic.ttf in Resources */,
				1D8576FF28EBFF9C00CF2D5E /* Inter-Medium.ttf in Resources */,
				1D85771928EBFF9C00CF2D5E /* Poppins-Thin.ttf in Resources */,
				1D85770428EBFF9C00CF2D5E /* Inter-ExtraBold.ttf in Resources */,
				1D85770128EBFF9C00CF2D5E /* Inter-Thin.ttf in Resources */,
				1D85770F28EBFF9C00CF2D5E /* Poppins-Medium.ttf in Resources */,
				1D85770D28EBFF9C00CF2D5E /* Poppins-BoldItalic.ttf in Resources */,
				1D85770E28EBFF9C00CF2D5E /* Poppins-Light.ttf in Resources */,
				1D85770228EBFF9C00CF2D5E /* Inter-Bold.ttf in Resources */,
				1D85771528EBFF9C00CF2D5E /* Poppins-Regular.ttf in Resources */,
				1D85771828EBFF9C00CF2D5E /* Poppins-Black.ttf in Resources */,
				1D85770628EBFF9C00CF2D5E /* Inter-Black.ttf in Resources */,
				1D8576FE28EBFF9C00CF2D5E /* Inter-VariableFont_slnt,wght.ttf in Resources */,
				1D85771028EBFF9C00CF2D5E /* Poppins-SemiBoldItalic.ttf in Resources */,
				1D85770328EBFF9C00CF2D5E /* Inter-Regular.ttf in Resources */,
				1D85771A28EBFF9C00CF2D5E /* Poppins-SemiBold.ttf in Resources */,
				1D85771B28EBFF9C00CF2D5E /* Poppins-Italic.ttf in Resources */,
				1D85771728EBFF9C00CF2D5E /* Poppins-Bold.ttf in Resources */,
				1D85770928EBFF9C00CF2D5E /* README.txt in Resources */,
				4BC609E028E572DF007A6DB0 /* Assets.xcassets in Resources */,
				1D85771628EBFF9C00CF2D5E /* Poppins-LightItalic.ttf in Resources */,
				1D85771228EBFF9C00CF2D5E /* Poppins-ExtraBold.ttf in Resources */,
			);
			runOnlyForDeploymentPostprocessing = 0;
		};
		4BC609E728E572DF007A6DB0 /* Resources */ = {
			isa = PBXResourcesBuildPhase;
			buildActionMask = 2147483647;
			files = (
			);
			runOnlyForDeploymentPostprocessing = 0;
		};
		4BC609F128E572DF007A6DB0 /* Resources */ = {
			isa = PBXResourcesBuildPhase;
			buildActionMask = 2147483647;
			files = (
			);
			runOnlyForDeploymentPostprocessing = 0;
		};
/* End PBXResourcesBuildPhase section */

/* Begin PBXShellScriptBuildPhase section */
		28F9C81C378E99BF3945504B /* [CP] Embed Pods Frameworks */ = {
			isa = PBXShellScriptBuildPhase;
			buildActionMask = 2147483647;
			files = (
			);
			inputFileListPaths = (
				"${PODS_ROOT}/Target Support Files/Pods-Fluffy-FluffyUITests/Pods-Fluffy-FluffyUITests-frameworks-${CONFIGURATION}-input-files.xcfilelist",
			);
			name = "[CP] Embed Pods Frameworks";
			outputFileListPaths = (
				"${PODS_ROOT}/Target Support Files/Pods-Fluffy-FluffyUITests/Pods-Fluffy-FluffyUITests-frameworks-${CONFIGURATION}-output-files.xcfilelist",
			);
			runOnlyForDeploymentPostprocessing = 0;
			shellPath = /bin/sh;
			shellScript = "\"${PODS_ROOT}/Target Support Files/Pods-Fluffy-FluffyUITests/Pods-Fluffy-FluffyUITests-frameworks.sh\"\n";
			showEnvVarsInLog = 0;
		};
		41288D49264B0A94B9F9C2FD /* [CP] Check Pods Manifest.lock */ = {
			isa = PBXShellScriptBuildPhase;
			buildActionMask = 2147483647;
			files = (
			);
			inputFileListPaths = (
			);
			inputPaths = (
				"${PODS_PODFILE_DIR_PATH}/Podfile.lock",
				"${PODS_ROOT}/Manifest.lock",
			);
			name = "[CP] Check Pods Manifest.lock";
			outputFileListPaths = (
			);
			outputPaths = (
				"$(DERIVED_FILE_DIR)/Pods-FluffyTests-checkManifestLockResult.txt",
			);
			runOnlyForDeploymentPostprocessing = 0;
			shellPath = /bin/sh;
			shellScript = "diff \"${PODS_PODFILE_DIR_PATH}/Podfile.lock\" \"${PODS_ROOT}/Manifest.lock\" > /dev/null\nif [ $? != 0 ] ; then\n    # print error to STDERR\n    echo \"error: The sandbox is not in sync with the Podfile.lock. Run 'pod install' or update your CocoaPods installation.\" >&2\n    exit 1\nfi\n# This output is used by Xcode 'outputs' to avoid re-running this script phase.\necho \"SUCCESS\" > \"${SCRIPT_OUTPUT_FILE_0}\"\n";
			showEnvVarsInLog = 0;
		};
		453BE7B421B7C871DAF8D76D /* [CP] Check Pods Manifest.lock */ = {
			isa = PBXShellScriptBuildPhase;
			buildActionMask = 2147483647;
			files = (
			);
			inputFileListPaths = (
			);
			inputPaths = (
				"${PODS_PODFILE_DIR_PATH}/Podfile.lock",
				"${PODS_ROOT}/Manifest.lock",
			);
			name = "[CP] Check Pods Manifest.lock";
			outputFileListPaths = (
			);
			outputPaths = (
				"$(DERIVED_FILE_DIR)/Pods-Fluffy-checkManifestLockResult.txt",
			);
			runOnlyForDeploymentPostprocessing = 0;
			shellPath = /bin/sh;
			shellScript = "diff \"${PODS_PODFILE_DIR_PATH}/Podfile.lock\" \"${PODS_ROOT}/Manifest.lock\" > /dev/null\nif [ $? != 0 ] ; then\n    # print error to STDERR\n    echo \"error: The sandbox is not in sync with the Podfile.lock. Run 'pod install' or update your CocoaPods installation.\" >&2\n    exit 1\nfi\n# This output is used by Xcode 'outputs' to avoid re-running this script phase.\necho \"SUCCESS\" > \"${SCRIPT_OUTPUT_FILE_0}\"\n";
			showEnvVarsInLog = 0;
		};
		5965007D86B0DB3FE3494978 /* [CP] Check Pods Manifest.lock */ = {
			isa = PBXShellScriptBuildPhase;
			buildActionMask = 2147483647;
			files = (
			);
			inputFileListPaths = (
			);
			inputPaths = (
				"${PODS_PODFILE_DIR_PATH}/Podfile.lock",
				"${PODS_ROOT}/Manifest.lock",
			);
			name = "[CP] Check Pods Manifest.lock";
			outputFileListPaths = (
			);
			outputPaths = (
				"$(DERIVED_FILE_DIR)/Pods-Fluffy-FluffyUITests-checkManifestLockResult.txt",
			);
			runOnlyForDeploymentPostprocessing = 0;
			shellPath = /bin/sh;
			shellScript = "diff \"${PODS_PODFILE_DIR_PATH}/Podfile.lock\" \"${PODS_ROOT}/Manifest.lock\" > /dev/null\nif [ $? != 0 ] ; then\n    # print error to STDERR\n    echo \"error: The sandbox is not in sync with the Podfile.lock. Run 'pod install' or update your CocoaPods installation.\" >&2\n    exit 1\nfi\n# This output is used by Xcode 'outputs' to avoid re-running this script phase.\necho \"SUCCESS\" > \"${SCRIPT_OUTPUT_FILE_0}\"\n";
			showEnvVarsInLog = 0;
		};
		5A6A86A420FC16D4275BEDD1 /* [CP] Embed Pods Frameworks */ = {
			isa = PBXShellScriptBuildPhase;
			buildActionMask = 2147483647;
			files = (
			);
			inputFileListPaths = (
				"${PODS_ROOT}/Target Support Files/Pods-Fluffy/Pods-Fluffy-frameworks-${CONFIGURATION}-input-files.xcfilelist",
			);
			name = "[CP] Embed Pods Frameworks";
			outputFileListPaths = (
				"${PODS_ROOT}/Target Support Files/Pods-Fluffy/Pods-Fluffy-frameworks-${CONFIGURATION}-output-files.xcfilelist",
			);
			runOnlyForDeploymentPostprocessing = 0;
			shellPath = /bin/sh;
			shellScript = "\"${PODS_ROOT}/Target Support Files/Pods-Fluffy/Pods-Fluffy-frameworks.sh\"\n";
			showEnvVarsInLog = 0;
		};
/* End PBXShellScriptBuildPhase section */

/* Begin PBXSourcesBuildPhase section */
		4BC609CF28E572DE007A6DB0 /* Sources */ = {
			isa = PBXSourcesBuildPhase;
			buildActionMask = 2147483647;
			files = (
				4E5068AC28FD54E30005ADBF /* PetViewController.swift in Sources */,
				4EC56E5028F84387008ADD7F /* MonitoringTableViewCell.swift in Sources */,
				4EC56E4828F71FD1008ADD7F /* ExploreCard.swift in Sources */,
				4B78DB1F28EAD8AE00744386 /* Base Providers.swift in Sources */,
				1D85772228EC086600CF2D5E /* ReuseableLabel.swift in Sources */,
				4BC60A1428E5744E007A6DB0 /* Extension.swift in Sources */,
				4B3D82C229051A4500F6A82F /* ModalMonitoringTableViewCell.swift in Sources */,
				4B78DB2328EAD8BD00744386 /* View Model .swift in Sources */,
				4B3D82C429051A5000F6A82F /* ModalCheckInOutViewController.swift in Sources */,
				4B78DB2E28EAD8F200744386 /* specific layout.swift in Sources */,
				4EC56E4C28F7FE33008ADD7F /* SupportedPetCollectionViewCell.swift in Sources */,
				4E5068AA28FD54D00005ADBF /* ExploreViewController.swift in Sources */,
				4E5068B429001C4C0005ADBF /* ExploreTableViewCell.swift in Sources */,
				4BC609D728E572DE007A6DB0 /* AppDelegate.swift in Sources */,
				4BC609D928E572DE007A6DB0 /* SceneDelegate.swift in Sources */,
				4B3D82C029051A3900F6A82F /* ModalMonitoringViewController.swift in Sources */,
				1DA5543728EEA1570040E4F7 /* ReusableButton.swift in Sources */,
				4B78DB1C28EAD8A200744386 /* Style Guide.swift in Sources */,
				4B78DB3128EAD90700744386 /* Api Services.swift in Sources */,
				4B3D82BE29051A2F00F6A82F /* ModalSelectPetViewController.swift in Sources */,
				4EAF1ED229027FC2007248AA /* NavController.swift in Sources */,
				4E684C6228ED41B0009B4173 /* CarouselCollectionViewCell.swift in Sources */,
				4B78DB3528EAD91C00744386 /* API Model.swift in Sources */,
				4BC60A1628E57459007A6DB0 /* Helper Class.swift in Sources */,
				4B78DB3828EAD92800744386 /* Class Model.swift in Sources */,
				1DBF11CD28F00CAC00C53D1E /* ReusableTabBar.swift in Sources */,
				4E5068A828FD51D80005ADBF /* TapBar.swift in Sources */,
				4E5A6D7028EC03D9009BBDE9 /* SwitchSelect.swift in Sources */,
				4E5068AE28FD54ED0005ADBF /* BookingViewController.swift in Sources */,
				4EC56E4E28F826BB008ADD7F /* MonitoringViewController.swift in Sources */,
			);
			runOnlyForDeploymentPostprocessing = 0;
		};
		4BC609E528E572DF007A6DB0 /* Sources */ = {
			isa = PBXSourcesBuildPhase;
			buildActionMask = 2147483647;
			files = (
				4BC609EE28E572DF007A6DB0 /* FluffyTests.swift in Sources */,
			);
			runOnlyForDeploymentPostprocessing = 0;
		};
		4BC609EF28E572DF007A6DB0 /* Sources */ = {
			isa = PBXSourcesBuildPhase;
			buildActionMask = 2147483647;
			files = (
				4BC609FA28E572DF007A6DB0 /* FluffyUITestsLaunchTests.swift in Sources */,
				4BC609F828E572DF007A6DB0 /* FluffyUITests.swift in Sources */,
			);
			runOnlyForDeploymentPostprocessing = 0;
		};
/* End PBXSourcesBuildPhase section */

/* Begin PBXTargetDependency section */
		4BC609EB28E572DF007A6DB0 /* PBXTargetDependency */ = {
			isa = PBXTargetDependency;
			target = 4BC609D228E572DE007A6DB0 /* Fluffy */;
			targetProxy = 4BC609EA28E572DF007A6DB0 /* PBXContainerItemProxy */;
		};
		4BC609F528E572DF007A6DB0 /* PBXTargetDependency */ = {
			isa = PBXTargetDependency;
			target = 4BC609D228E572DE007A6DB0 /* Fluffy */;
			targetProxy = 4BC609F428E572DF007A6DB0 /* PBXContainerItemProxy */;
		};
/* End PBXTargetDependency section */

/* Begin XCBuildConfiguration section */
		4BC609FB28E572DF007A6DB0 /* Debug */ = {
			isa = XCBuildConfiguration;
			buildSettings = {
				ALWAYS_SEARCH_USER_PATHS = NO;
				CLANG_ANALYZER_NONNULL = YES;
				CLANG_ANALYZER_NUMBER_OBJECT_CONVERSION = YES_AGGRESSIVE;
				CLANG_CXX_LANGUAGE_STANDARD = "gnu++17";
				CLANG_ENABLE_MODULES = YES;
				CLANG_ENABLE_OBJC_ARC = YES;
				CLANG_ENABLE_OBJC_WEAK = YES;
				CLANG_WARN_BLOCK_CAPTURE_AUTORELEASING = YES;
				CLANG_WARN_BOOL_CONVERSION = YES;
				CLANG_WARN_COMMA = YES;
				CLANG_WARN_CONSTANT_CONVERSION = YES;
				CLANG_WARN_DEPRECATED_OBJC_IMPLEMENTATIONS = YES;
				CLANG_WARN_DIRECT_OBJC_ISA_USAGE = YES_ERROR;
				CLANG_WARN_DOCUMENTATION_COMMENTS = YES;
				CLANG_WARN_EMPTY_BODY = YES;
				CLANG_WARN_ENUM_CONVERSION = YES;
				CLANG_WARN_INFINITE_RECURSION = YES;
				CLANG_WARN_INT_CONVERSION = YES;
				CLANG_WARN_NON_LITERAL_NULL_CONVERSION = YES;
				CLANG_WARN_OBJC_IMPLICIT_RETAIN_SELF = YES;
				CLANG_WARN_OBJC_LITERAL_CONVERSION = YES;
				CLANG_WARN_OBJC_ROOT_CLASS = YES_ERROR;
				CLANG_WARN_QUOTED_INCLUDE_IN_FRAMEWORK_HEADER = YES;
				CLANG_WARN_RANGE_LOOP_ANALYSIS = YES;
				CLANG_WARN_STRICT_PROTOTYPES = YES;
				CLANG_WARN_SUSPICIOUS_MOVE = YES;
				CLANG_WARN_UNGUARDED_AVAILABILITY = YES_AGGRESSIVE;
				CLANG_WARN_UNREACHABLE_CODE = YES;
				CLANG_WARN__DUPLICATE_METHOD_MATCH = YES;
				COPY_PHASE_STRIP = NO;
				DEBUG_INFORMATION_FORMAT = dwarf;
				ENABLE_STRICT_OBJC_MSGSEND = YES;
				ENABLE_TESTABILITY = YES;
				GCC_C_LANGUAGE_STANDARD = gnu11;
				GCC_DYNAMIC_NO_PIC = NO;
				GCC_NO_COMMON_BLOCKS = YES;
				GCC_OPTIMIZATION_LEVEL = 0;
				GCC_PREPROCESSOR_DEFINITIONS = (
					"DEBUG=1",
					"$(inherited)",
				);
				GCC_WARN_64_TO_32_BIT_CONVERSION = YES;
				GCC_WARN_ABOUT_RETURN_TYPE = YES_ERROR;
				GCC_WARN_UNDECLARED_SELECTOR = YES;
				GCC_WARN_UNINITIALIZED_AUTOS = YES_AGGRESSIVE;
				GCC_WARN_UNUSED_FUNCTION = YES;
				GCC_WARN_UNUSED_VARIABLE = YES;
				IPHONEOS_DEPLOYMENT_TARGET = 15.5;
				MTL_ENABLE_DEBUG_INFO = INCLUDE_SOURCE;
				MTL_FAST_MATH = YES;
				ONLY_ACTIVE_ARCH = YES;
				SDKROOT = iphoneos;
				SWIFT_ACTIVE_COMPILATION_CONDITIONS = DEBUG;
				SWIFT_OPTIMIZATION_LEVEL = "-Onone";
			};
			name = Debug;
		};
		4BC609FC28E572DF007A6DB0 /* Release */ = {
			isa = XCBuildConfiguration;
			buildSettings = {
				ALWAYS_SEARCH_USER_PATHS = NO;
				CLANG_ANALYZER_NONNULL = YES;
				CLANG_ANALYZER_NUMBER_OBJECT_CONVERSION = YES_AGGRESSIVE;
				CLANG_CXX_LANGUAGE_STANDARD = "gnu++17";
				CLANG_ENABLE_MODULES = YES;
				CLANG_ENABLE_OBJC_ARC = YES;
				CLANG_ENABLE_OBJC_WEAK = YES;
				CLANG_WARN_BLOCK_CAPTURE_AUTORELEASING = YES;
				CLANG_WARN_BOOL_CONVERSION = YES;
				CLANG_WARN_COMMA = YES;
				CLANG_WARN_CONSTANT_CONVERSION = YES;
				CLANG_WARN_DEPRECATED_OBJC_IMPLEMENTATIONS = YES;
				CLANG_WARN_DIRECT_OBJC_ISA_USAGE = YES_ERROR;
				CLANG_WARN_DOCUMENTATION_COMMENTS = YES;
				CLANG_WARN_EMPTY_BODY = YES;
				CLANG_WARN_ENUM_CONVERSION = YES;
				CLANG_WARN_INFINITE_RECURSION = YES;
				CLANG_WARN_INT_CONVERSION = YES;
				CLANG_WARN_NON_LITERAL_NULL_CONVERSION = YES;
				CLANG_WARN_OBJC_IMPLICIT_RETAIN_SELF = YES;
				CLANG_WARN_OBJC_LITERAL_CONVERSION = YES;
				CLANG_WARN_OBJC_ROOT_CLASS = YES_ERROR;
				CLANG_WARN_QUOTED_INCLUDE_IN_FRAMEWORK_HEADER = YES;
				CLANG_WARN_RANGE_LOOP_ANALYSIS = YES;
				CLANG_WARN_STRICT_PROTOTYPES = YES;
				CLANG_WARN_SUSPICIOUS_MOVE = YES;
				CLANG_WARN_UNGUARDED_AVAILABILITY = YES_AGGRESSIVE;
				CLANG_WARN_UNREACHABLE_CODE = YES;
				CLANG_WARN__DUPLICATE_METHOD_MATCH = YES;
				COPY_PHASE_STRIP = NO;
				DEBUG_INFORMATION_FORMAT = "dwarf-with-dsym";
				ENABLE_NS_ASSERTIONS = NO;
				ENABLE_STRICT_OBJC_MSGSEND = YES;
				GCC_C_LANGUAGE_STANDARD = gnu11;
				GCC_NO_COMMON_BLOCKS = YES;
				GCC_WARN_64_TO_32_BIT_CONVERSION = YES;
				GCC_WARN_ABOUT_RETURN_TYPE = YES_ERROR;
				GCC_WARN_UNDECLARED_SELECTOR = YES;
				GCC_WARN_UNINITIALIZED_AUTOS = YES_AGGRESSIVE;
				GCC_WARN_UNUSED_FUNCTION = YES;
				GCC_WARN_UNUSED_VARIABLE = YES;
				IPHONEOS_DEPLOYMENT_TARGET = 15.5;
				MTL_ENABLE_DEBUG_INFO = NO;
				MTL_FAST_MATH = YES;
				SDKROOT = iphoneos;
				SWIFT_COMPILATION_MODE = wholemodule;
				SWIFT_OPTIMIZATION_LEVEL = "-O";
				VALIDATE_PRODUCT = YES;
			};
			name = Release;
		};
		4BC609FE28E572DF007A6DB0 /* Debug */ = {
			isa = XCBuildConfiguration;
			baseConfigurationReference = 391FB2353E3E4D1516AADE30 /* Pods-Fluffy.debug.xcconfig */;
			buildSettings = {
				ASSETCATALOG_COMPILER_APPICON_NAME = AppIcon;
				ASSETCATALOG_COMPILER_GLOBAL_ACCENT_COLOR_NAME = AccentColor;
				CODE_SIGN_STYLE = Automatic;
				CURRENT_PROJECT_VERSION = 1;
				DEVELOPMENT_TEAM = 38437W4ZU8;
				GENERATE_INFOPLIST_FILE = YES;
				INFOPLIST_FILE = Fluffy/Info.plist;
				INFOPLIST_KEY_UIApplicationSupportsIndirectInputEvents = YES;
				INFOPLIST_KEY_UILaunchStoryboardName = LaunchScreen;
				INFOPLIST_KEY_UISupportedInterfaceOrientations_iPad = "UIInterfaceOrientationPortrait UIInterfaceOrientationPortraitUpsideDown UIInterfaceOrientationLandscapeLeft UIInterfaceOrientationLandscapeRight";
				INFOPLIST_KEY_UISupportedInterfaceOrientations_iPhone = "UIInterfaceOrientationPortrait UIInterfaceOrientationLandscapeLeft UIInterfaceOrientationLandscapeRight";
				LD_RUNPATH_SEARCH_PATHS = (
					"$(inherited)",
					"@executable_path/Frameworks",
				);
				MARKETING_VERSION = 1.0;
				PRODUCT_BUNDLE_IDENTIFIER = fluffy.Fluffy;
				PRODUCT_NAME = "$(TARGET_NAME)";
				SWIFT_EMIT_LOC_STRINGS = YES;
				SWIFT_VERSION = 5.0;
				TARGETED_DEVICE_FAMILY = "1,2";
			};
			name = Debug;
		};
		4BC609FF28E572DF007A6DB0 /* Release */ = {
			isa = XCBuildConfiguration;
			baseConfigurationReference = E6BD3B26BC8B49D6320F490D /* Pods-Fluffy.release.xcconfig */;
			buildSettings = {
				ASSETCATALOG_COMPILER_APPICON_NAME = AppIcon;
				ASSETCATALOG_COMPILER_GLOBAL_ACCENT_COLOR_NAME = AccentColor;
				CODE_SIGN_STYLE = Automatic;
				CURRENT_PROJECT_VERSION = 1;
				DEVELOPMENT_TEAM = 38437W4ZU8;
				GENERATE_INFOPLIST_FILE = YES;
				INFOPLIST_FILE = Fluffy/Info.plist;
				INFOPLIST_KEY_UIApplicationSupportsIndirectInputEvents = YES;
				INFOPLIST_KEY_UILaunchStoryboardName = LaunchScreen;
				INFOPLIST_KEY_UISupportedInterfaceOrientations_iPad = "UIInterfaceOrientationPortrait UIInterfaceOrientationPortraitUpsideDown UIInterfaceOrientationLandscapeLeft UIInterfaceOrientationLandscapeRight";
				INFOPLIST_KEY_UISupportedInterfaceOrientations_iPhone = "UIInterfaceOrientationPortrait UIInterfaceOrientationLandscapeLeft UIInterfaceOrientationLandscapeRight";
				LD_RUNPATH_SEARCH_PATHS = (
					"$(inherited)",
					"@executable_path/Frameworks",
				);
				MARKETING_VERSION = 1.0;
				PRODUCT_BUNDLE_IDENTIFIER = fluffy.Fluffy;
				PRODUCT_NAME = "$(TARGET_NAME)";
				SWIFT_EMIT_LOC_STRINGS = YES;
				SWIFT_VERSION = 5.0;
				TARGETED_DEVICE_FAMILY = "1,2";
			};
			name = Release;
		};
		4BC60A0128E572DF007A6DB0 /* Debug */ = {
			isa = XCBuildConfiguration;
			baseConfigurationReference = 0CB3843C1C3EF3989435CB05 /* Pods-FluffyTests.debug.xcconfig */;
			buildSettings = {
				ALWAYS_EMBED_SWIFT_STANDARD_LIBRARIES = YES;
				BUNDLE_LOADER = "$(TEST_HOST)";
				CODE_SIGN_STYLE = Automatic;
				CURRENT_PROJECT_VERSION = 1;
				DEVELOPMENT_TEAM = 38437W4ZU8;
				GENERATE_INFOPLIST_FILE = YES;
				IPHONEOS_DEPLOYMENT_TARGET = 15.5;
				MARKETING_VERSION = 1.0;
				PRODUCT_BUNDLE_IDENTIFIER = fluffy.FluffyTests;
				PRODUCT_NAME = "$(TARGET_NAME)";
				SWIFT_EMIT_LOC_STRINGS = NO;
				SWIFT_VERSION = 5.0;
				TARGETED_DEVICE_FAMILY = "1,2";
				TEST_HOST = "$(BUILT_PRODUCTS_DIR)/Fluffy.app/Fluffy";
			};
			name = Debug;
		};
		4BC60A0228E572DF007A6DB0 /* Release */ = {
			isa = XCBuildConfiguration;
			baseConfigurationReference = 131CE0F91D3B34797E8AB832 /* Pods-FluffyTests.release.xcconfig */;
			buildSettings = {
				ALWAYS_EMBED_SWIFT_STANDARD_LIBRARIES = YES;
				BUNDLE_LOADER = "$(TEST_HOST)";
				CODE_SIGN_STYLE = Automatic;
				CURRENT_PROJECT_VERSION = 1;
				DEVELOPMENT_TEAM = 38437W4ZU8;
				GENERATE_INFOPLIST_FILE = YES;
				IPHONEOS_DEPLOYMENT_TARGET = 15.5;
				MARKETING_VERSION = 1.0;
				PRODUCT_BUNDLE_IDENTIFIER = fluffy.FluffyTests;
				PRODUCT_NAME = "$(TARGET_NAME)";
				SWIFT_EMIT_LOC_STRINGS = NO;
				SWIFT_VERSION = 5.0;
				TARGETED_DEVICE_FAMILY = "1,2";
				TEST_HOST = "$(BUILT_PRODUCTS_DIR)/Fluffy.app/Fluffy";
			};
			name = Release;
		};
		4BC60A0428E572DF007A6DB0 /* Debug */ = {
			isa = XCBuildConfiguration;
			baseConfigurationReference = 6BE16CB5272393936D4173E4 /* Pods-Fluffy-FluffyUITests.debug.xcconfig */;
			buildSettings = {
				ALWAYS_EMBED_SWIFT_STANDARD_LIBRARIES = YES;
				CODE_SIGN_STYLE = Automatic;
				CURRENT_PROJECT_VERSION = 1;
				DEVELOPMENT_TEAM = 38437W4ZU8;
				GENERATE_INFOPLIST_FILE = YES;
				MARKETING_VERSION = 1.0;
				PRODUCT_BUNDLE_IDENTIFIER = fluffy.FluffyUITests;
				PRODUCT_NAME = "$(TARGET_NAME)";
				SWIFT_EMIT_LOC_STRINGS = NO;
				SWIFT_VERSION = 5.0;
				TARGETED_DEVICE_FAMILY = "1,2";
				TEST_TARGET_NAME = Fluffy;
			};
			name = Debug;
		};
		4BC60A0528E572DF007A6DB0 /* Release */ = {
			isa = XCBuildConfiguration;
			baseConfigurationReference = 2648BC5D0623475B71D59148 /* Pods-Fluffy-FluffyUITests.release.xcconfig */;
			buildSettings = {
				ALWAYS_EMBED_SWIFT_STANDARD_LIBRARIES = YES;
				CODE_SIGN_STYLE = Automatic;
				CURRENT_PROJECT_VERSION = 1;
				DEVELOPMENT_TEAM = 38437W4ZU8;
				GENERATE_INFOPLIST_FILE = YES;
				MARKETING_VERSION = 1.0;
				PRODUCT_BUNDLE_IDENTIFIER = fluffy.FluffyUITests;
				PRODUCT_NAME = "$(TARGET_NAME)";
				SWIFT_EMIT_LOC_STRINGS = NO;
				SWIFT_VERSION = 5.0;
				TARGETED_DEVICE_FAMILY = "1,2";
				TEST_TARGET_NAME = Fluffy;
			};
			name = Release;
		};
/* End XCBuildConfiguration section */

/* Begin XCConfigurationList section */
		4BC609CE28E572DE007A6DB0 /* Build configuration list for PBXProject "Fluffy" */ = {
			isa = XCConfigurationList;
			buildConfigurations = (
				4BC609FB28E572DF007A6DB0 /* Debug */,
				4BC609FC28E572DF007A6DB0 /* Release */,
			);
			defaultConfigurationIsVisible = 0;
			defaultConfigurationName = Release;
		};
		4BC609FD28E572DF007A6DB0 /* Build configuration list for PBXNativeTarget "Fluffy" */ = {
			isa = XCConfigurationList;
			buildConfigurations = (
				4BC609FE28E572DF007A6DB0 /* Debug */,
				4BC609FF28E572DF007A6DB0 /* Release */,
			);
			defaultConfigurationIsVisible = 0;
			defaultConfigurationName = Release;
		};
		4BC60A0028E572DF007A6DB0 /* Build configuration list for PBXNativeTarget "FluffyTests" */ = {
			isa = XCConfigurationList;
			buildConfigurations = (
				4BC60A0128E572DF007A6DB0 /* Debug */,
				4BC60A0228E572DF007A6DB0 /* Release */,
			);
			defaultConfigurationIsVisible = 0;
			defaultConfigurationName = Release;
		};
		4BC60A0328E572DF007A6DB0 /* Build configuration list for PBXNativeTarget "FluffyUITests" */ = {
			isa = XCConfigurationList;
			buildConfigurations = (
				4BC60A0428E572DF007A6DB0 /* Debug */,
				4BC60A0528E572DF007A6DB0 /* Release */,
			);
			defaultConfigurationIsVisible = 0;
			defaultConfigurationName = Release;
		};
/* End XCConfigurationList section */
	};
	rootObject = 4BC609CB28E572DE007A6DB0 /* Project object */;
}
